
Microsoft Visual Studio Solution File, Format Version 12.00
# Visual Studio Version 17
VisualStudioVersion = 17.7.34221.43
MinimumVisualStudioVersion = 10.0.40219.1
Project("{FAE04EC0-301F-11D3-BF4B-00C04F79EFBC}") = "Assignment2", "Assignment2\Assignment2.csproj", "{96254ABA-A623-40AD-96A3-857AC52C8F0C}"
EndProject
Global
	GlobalSection(SolutionConfigurationPlatforms) = preSolution
		Debug|Any CPU = Debug|Any CPU
		Release|Any CPU = Release|Any CPU
	EndGlobalSection
	GlobalSection(ProjectConfigurationPlatforms) = postSolution
		{96254ABA-A623-40AD-96A3-857AC52C8F0C}.Debug|Any CPU.ActiveCfg = Debug|Any CPU
		{96254ABA-A623-40AD-96A3-857AC52C8F0C}.Debug|Any CPU.Build.0 = Debug|Any CPU
		{96254ABA-A623-40AD-96A3-857AC52C8F0C}.Release|Any CPU.ActiveCfg = Release|Any CPU
		{96254ABA-A623-40AD-96A3-857AC52C8F0C}.Release|Any CPU.Build.0 = Release|Any CPU
	EndGlobalSection
	GlobalSection(SolutionProperties) = preSolution
		HideSolutionNode = FALSE
	EndGlobalSection
	GlobalSection(ExtensibilityGlobals) = postSolution
		SolutionGuid = {AAF20A52-FE74-45D3-97FF-9E8BC6DD531A}
	EndGlobalSection
EndGlobal
